github.com/jonboulle/clockwork v0.4.0 h1:p4Cf1aMWXnXAUh8lVfewRBx1zaTSYKrKMF2g3ST4RZ4=
github.com/jonboulle/clockwork v0.4.0/go.mod h1:xgRqUGwRcjKCO1vbZUEtSLrqKoPSsUpK7fnezOII0kc=
golang.org/x/image v0.22.0 h1:UtK5yLUzilVrkjMAZAZ34DXGpASN8i8pj8g+O+yd10g=
golang.org/x/image v0.22.0/go.mod h1:9hPFhljd4zZ1GNSIZJ49sqbp45GKK9t6w+iXvGqZUz4=
periph.io/x/conn/v3 v3.7.1 h1:tMjNv3WO8jEz/ePuXl7y++2zYi8LsQ5otbmqGKy3Myg=
periph.io/x/conn/v3 v3.7.1/go.mod h1:c+HCVjkzbf09XzcqZu/t+U8Ss/2QuJj0jgRF6Nye838=
periph.io/x/d2xx v0.1.1 h1:LHp+u+qAWLB5THrTT/AzyjdvfUhllvDF5wBJP7uvn+U=
periph.io/x/d2xx v0.1.1/go.mod h1:rLM321G11Fc14Pp088khBkmXb70Pxx/kCPaIK7uRUBc=
periph.io/x/devices/v3 v3.7.2 h1:aMcDOrHBpnmZrSr8qE09pc22kT8LSf3FiI6clHwSPDE=
periph.io/x/devices/v3 v3.7.2/go.mod h1:bb68xsoeCzslYzyTgJmV4yzZm6MmIloPG/A5ou6UCTo=
periph.io/x/host/v3 v3.8.2 h1:ayKUDzgUCN0g8+/xM9GTkWaOBhSLVcVHGTfjAOi8OsQ=
periph.io/x/host/v3 v3.8.2/go.mod h1:yFL76AesNHR68PboofSWYaQTKmvPXsQH2Apvp/ls/K4=
