periph.io/x/conn v0.0.0-20201225011416-a1854b91a64c/go.mod h1:vZTobURVlmlSmjJ8DuzqbsJRp3uKBP7zNVLM1/4FsI0=
periph.io/x/conn v0.0.0-20201225013739-237530940e54 h1:pVxYePBRik+YCNznGmz2eUUz1Jx2m72EQTZO+2osDcE=
periph.io/x/conn v0.0.0-20201225013739-237530940e54/go.mod h1:vZTobURVlmlSmjJ8DuzqbsJRp3uKBP7zNVLM1/4FsI0=
periph.io/x/devices v0.0.0-20201225015614-dbc4b06abe4f h1:wHrBKdRhCRHChP1MSYKp7JPUJxAzdL4DOgWejVpfnWc=
periph.io/x/devices v0.0.0-20201225015614-dbc4b06abe4f/go.mod h1:YKKrihFGyIaw7wbhiqSA6M9tJjdMhRIT87u/QgIYwEU=
periph.io/x/host v0.0.0-20201225014024-7a96bb38d794/go.mod h1:5M8e1ADFvKJOwTgTp45JIFcYFGiEFjYHTr+vIu2uRMc=
periph.io/x/host v0.0.0-20201225015954-0b7905fd7bc2 h1:6wQ/JB1jldqsokPn3L2vl2jiA5CLzaX5MLkKfAReHfo=
periph.io/x/host v0.0.0-20201225015954-0b7905fd7bc2/go.mod h1:5M8e1ADFvKJOwTgTp45JIFcYFGiEFjYHTr+vIu2uRMc=
